
Microsoft Visual Studio Solution File, Format Version 12.00
# Visual Studio Version 17
VisualStudioVersion = 17.1.31911.260
MinimumVisualStudioVersion = 10.0.40219.1
Project("{2150E333-8FDC-42A3-9474-1A3956D46DE8}") = "Src", "Src", "{24A1CDE2-B3AA-4A60-BEE5-8A1B954A29B2}"
EndProject
Project("{2150E333-8FDC-42A3-9474-1A3956D46DE8}") = "Data Base", "Data Base", "{E059DA73-8C85-4261-8787-3B93D13A8548}"
EndProject
Project("{2150E333-8FDC-42A3-9474-1A3956D46DE8}") = "Service", "Service", "{C8294E93-971C-48C5-9364-034EF4654B47}"
EndProject
Project("{2150E333-8FDC-42A3-9474-1A3956D46DE8}") = "Package", "Package", "{CCCE1950-FD96-45D4-B768-F6A65528CFF4}"
EndProject
Project("{9A19103F-16F7-4668-BE54-9A1E7A4F7556}") = "Identity.DataBase.Context", "Data Base\Identity.DataBase.Context\Identity.DataBase.Context.csproj", "{25AC95A9-803E-4744-AA3B-D50DED9E1CCC}"
EndProject
Project("{9A19103F-16F7-4668-BE54-9A1E7A4F7556}") = "Identity.DataBase.Entity", "Data Base\Identity.DataBase.Entity\Identity.DataBase.Entity.csproj", "{7BC637CB-BE6B-4C22-9D59-A6A657D2A570}"
EndProject
Project("{2150E333-8FDC-42A3-9474-1A3956D46DE8}") = "Server", "Server", "{132A4EC5-95CE-4F80-8D41-CE1AD71CCA43}"
EndProject
Project("{9A19103F-16F7-4668-BE54-9A1E7A4F7556}") = "Identity.Server.Api", "Server\Identity.Server.Api\Identity.Server.Api.csproj", "{A68C6930-8684-4C6F-9268-B3BC77F7F763}"
EndProject
Project("{9A19103F-16F7-4668-BE54-9A1E7A4F7556}") = "Identity.Server.Grpc", "Server\Identity.Server.Grpc\Identity.Server.Grpc.csproj", "{D6BED300-6A71-4356-8FA2-C14EAFFE80BB}"
EndProject
Project("{9A19103F-16F7-4668-BE54-9A1E7A4F7556}") = "Identity.Service.Implemention", "Service\Identity.Service.Implemention\Identity.Service.Implemention.csproj", "{78018CF6-D49D-4632-B345-E42AFE155CD0}"
EndProject
Project("{9A19103F-16F7-4668-BE54-9A1E7A4F7556}") = "Identity.DataBase.ViewModel", "Data Base\Identity.DataBase.ViewModel\Identity.DataBase.ViewModel.csproj", "{FDFC2936-1798-4BE3-93E6-C1143F828C38}"
EndProject
Project("{9A19103F-16F7-4668-BE54-9A1E7A4F7556}") = "Identity.Service.Tools", "Service\Identity.Service.Tools\Identity.Service.Tools.csproj", "{BF9A499B-7C34-46B0-B829-068EE140ADE7}"
EndProject
Project("{9A19103F-16F7-4668-BE54-9A1E7A4F7556}") = "Identity.Service.Abstraction", "Service\Identity.Service.Abstraction\Identity.Service.Abstraction.csproj", "{7F198DCE-1881-4B22-8A3E-242C7F443BEC}"
EndProject
Project("{9A19103F-16F7-4668-BE54-9A1E7A4F7556}") = "Identity.Client", "Package\Identity.Client\Identity.Client.csproj", "{2BB96455-E10A-4731-A670-81FC99EFD9D0}"
EndProject
Project("{2150E333-8FDC-42A3-9474-1A3956D46DE8}") = "Test", "Test", "{BCC29AD4-5E3E-4049-8366-EE734E5995E8}"
EndProject
Project("{9A19103F-16F7-4668-BE54-9A1E7A4F7556}") = "Test", "Test\Test\Test.csproj", "{207559C6-F7CF-459D-9DAB-0D54633FC392}"
EndProject
Project("{FAE04EC0-301F-11D3-BF4B-00C04F79EFBC}") = "Test.Package", "Test\Test.Package\Test.Package.csproj", "{116A93CB-CD06-4AA4-9F75-BFB53CB3F032}"
EndProject
Global
	GlobalSection(SolutionConfigurationPlatforms) = preSolution
		Debug|Any CPU = Debug|Any CPU
		Release|Any CPU = Release|Any CPU
	EndGlobalSection
	GlobalSection(ProjectConfigurationPlatforms) = postSolution
		{25AC95A9-803E-4744-AA3B-D50DED9E1CCC}.Debug|Any CPU.ActiveCfg = Debug|Any CPU
		{25AC95A9-803E-4744-AA3B-D50DED9E1CCC}.Debug|Any CPU.Build.0 = Debug|Any CPU
		{25AC95A9-803E-4744-AA3B-D50DED9E1CCC}.Release|Any CPU.ActiveCfg = Release|Any CPU
		{25AC95A9-803E-4744-AA3B-D50DED9E1CCC}.Release|Any CPU.Build.0 = Release|Any CPU
		{7BC637CB-BE6B-4C22-9D59-A6A657D2A570}.Debug|Any CPU.ActiveCfg = Debug|Any CPU
		{7BC637CB-BE6B-4C22-9D59-A6A657D2A570}.Debug|Any CPU.Build.0 = Debug|Any CPU
		{7BC637CB-BE6B-4C22-9D59-A6A657D2A570}.Release|Any CPU.ActiveCfg = Release|Any CPU
		{7BC637CB-BE6B-4C22-9D59-A6A657D2A570}.Release|Any CPU.Build.0 = Release|Any CPU
		{A68C6930-8684-4C6F-9268-B3BC77F7F763}.Debug|Any CPU.ActiveCfg = Debug|Any CPU
		{A68C6930-8684-4C6F-9268-B3BC77F7F763}.Debug|Any CPU.Build.0 = Debug|Any CPU
		{A68C6930-8684-4C6F-9268-B3BC77F7F763}.Release|Any CPU.ActiveCfg = Release|Any CPU
		{A68C6930-8684-4C6F-9268-B3BC77F7F763}.Release|Any CPU.Build.0 = Release|Any CPU
		{D6BED300-6A71-4356-8FA2-C14EAFFE80BB}.Debug|Any CPU.ActiveCfg = Debug|Any CPU
		{D6BED300-6A71-4356-8FA2-C14EAFFE80BB}.Debug|Any CPU.Build.0 = Debug|Any CPU
		{D6BED300-6A71-4356-8FA2-C14EAFFE80BB}.Release|Any CPU.ActiveCfg = Release|Any CPU
		{D6BED300-6A71-4356-8FA2-C14EAFFE80BB}.Release|Any CPU.Build.0 = Release|Any CPU
		{78018CF6-D49D-4632-B345-E42AFE155CD0}.Debug|Any CPU.ActiveCfg = Debug|Any CPU
		{78018CF6-D49D-4632-B345-E42AFE155CD0}.Debug|Any CPU.Build.0 = Debug|Any CPU
		{78018CF6-D49D-4632-B345-E42AFE155CD0}.Release|Any CPU.ActiveCfg = Release|Any CPU
		{78018CF6-D49D-4632-B345-E42AFE155CD0}.Release|Any CPU.Build.0 = Release|Any CPU
		{FDFC2936-1798-4BE3-93E6-C1143F828C38}.Debug|Any CPU.ActiveCfg = Debug|Any CPU
		{FDFC2936-1798-4BE3-93E6-C1143F828C38}.Debug|Any CPU.Build.0 = Debug|Any CPU
		{FDFC2936-1798-4BE3-93E6-C1143F828C38}.Release|Any CPU.ActiveCfg = Release|Any CPU
		{FDFC2936-1798-4BE3-93E6-C1143F828C38}.Release|Any CPU.Build.0 = Release|Any CPU
		{BF9A499B-7C34-46B0-B829-068EE140ADE7}.Debug|Any CPU.ActiveCfg = Debug|Any CPU
		{BF9A499B-7C34-46B0-B829-068EE140ADE7}.Debug|Any CPU.Build.0 = Debug|Any CPU
		{BF9A499B-7C34-46B0-B829-068EE140ADE7}.Release|Any CPU.ActiveCfg = Release|Any CPU
		{BF9A499B-7C34-46B0-B829-068EE140ADE7}.Release|Any CPU.Build.0 = Release|Any CPU
		{7F198DCE-1881-4B22-8A3E-242C7F443BEC}.Debug|Any CPU.ActiveCfg = Debug|Any CPU
		{7F198DCE-1881-4B22-8A3E-242C7F443BEC}.Debug|Any CPU.Build.0 = Debug|Any CPU
		{7F198DCE-1881-4B22-8A3E-242C7F443BEC}.Release|Any CPU.ActiveCfg = Release|Any CPU
		{7F198DCE-1881-4B22-8A3E-242C7F443BEC}.Release|Any CPU.Build.0 = Release|Any CPU
		{2BB96455-E10A-4731-A670-81FC99EFD9D0}.Debug|Any CPU.ActiveCfg = Debug|Any CPU
		{2BB96455-E10A-4731-A670-81FC99EFD9D0}.Debug|Any CPU.Build.0 = Debug|Any CPU
		{2BB96455-E10A-4731-A670-81FC99EFD9D0}.Release|Any CPU.ActiveCfg = Release|Any CPU
		{2BB96455-E10A-4731-A670-81FC99EFD9D0}.Release|Any CPU.Build.0 = Release|Any CPU
		{207559C6-F7CF-459D-9DAB-0D54633FC392}.Debug|Any CPU.ActiveCfg = Debug|Any CPU
		{207559C6-F7CF-459D-9DAB-0D54633FC392}.Debug|Any CPU.Build.0 = Debug|Any CPU
		{207559C6-F7CF-459D-9DAB-0D54633FC392}.Release|Any CPU.ActiveCfg = Release|Any CPU
		{207559C6-F7CF-459D-9DAB-0D54633FC392}.Release|Any CPU.Build.0 = Release|Any CPU
		{116A93CB-CD06-4AA4-9F75-BFB53CB3F032}.Debug|Any CPU.ActiveCfg = Debug|Any CPU
		{116A93CB-CD06-4AA4-9F75-BFB53CB3F032}.Debug|Any CPU.Build.0 = Debug|Any CPU
		{116A93CB-CD06-4AA4-9F75-BFB53CB3F032}.Release|Any CPU.ActiveCfg = Release|Any CPU
		{116A93CB-CD06-4AA4-9F75-BFB53CB3F032}.Release|Any CPU.Build.0 = Release|Any CPU
	EndGlobalSection
	GlobalSection(SolutionProperties) = preSolution
		HideSolutionNode = FALSE
	EndGlobalSection
	GlobalSection(NestedProjects) = preSolution
		{E059DA73-8C85-4261-8787-3B93D13A8548} = {24A1CDE2-B3AA-4A60-BEE5-8A1B954A29B2}
		{C8294E93-971C-48C5-9364-034EF4654B47} = {24A1CDE2-B3AA-4A60-BEE5-8A1B954A29B2}
		{CCCE1950-FD96-45D4-B768-F6A65528CFF4} = {24A1CDE2-B3AA-4A60-BEE5-8A1B954A29B2}
		{25AC95A9-803E-4744-AA3B-D50DED9E1CCC} = {E059DA73-8C85-4261-8787-3B93D13A8548}
		{7BC637CB-BE6B-4C22-9D59-A6A657D2A570} = {E059DA73-8C85-4261-8787-3B93D13A8548}
		{132A4EC5-95CE-4F80-8D41-CE1AD71CCA43} = {24A1CDE2-B3AA-4A60-BEE5-8A1B954A29B2}
		{A68C6930-8684-4C6F-9268-B3BC77F7F763} = {132A4EC5-95CE-4F80-8D41-CE1AD71CCA43}
		{D6BED300-6A71-4356-8FA2-C14EAFFE80BB} = {132A4EC5-95CE-4F80-8D41-CE1AD71CCA43}
		{78018CF6-D49D-4632-B345-E42AFE155CD0} = {C8294E93-971C-48C5-9364-034EF4654B47}
		{FDFC2936-1798-4BE3-93E6-C1143F828C38} = {E059DA73-8C85-4261-8787-3B93D13A8548}
		{BF9A499B-7C34-46B0-B829-068EE140ADE7} = {C8294E93-971C-48C5-9364-034EF4654B47}
		{7F198DCE-1881-4B22-8A3E-242C7F443BEC} = {C8294E93-971C-48C5-9364-034EF4654B47}
		{2BB96455-E10A-4731-A670-81FC99EFD9D0} = {CCCE1950-FD96-45D4-B768-F6A65528CFF4}
		{BCC29AD4-5E3E-4049-8366-EE734E5995E8} = {24A1CDE2-B3AA-4A60-BEE5-8A1B954A29B2}
		{207559C6-F7CF-459D-9DAB-0D54633FC392} = {BCC29AD4-5E3E-4049-8366-EE734E5995E8}
		{116A93CB-CD06-4AA4-9F75-BFB53CB3F032} = {BCC29AD4-5E3E-4049-8366-EE734E5995E8}
	EndGlobalSection
	GlobalSection(ExtensibilityGlobals) = postSolution
		SolutionGuid = {B1FB1441-2977-4A50-843A-E73DAAB73AEE}
	EndGlobalSection
EndGlobal
